
Microsoft Visual Studio Solution File, Format Version 12.00
# Visual Studio Version 16
VisualStudioVersion = 16.0.31410.357
MinimumVisualStudioVersion = 10.0.40219.1
Project("{FAE04EC0-301F-11D3-BF4B-00C04F79EFBC}") = "XmlToXsd", "XmlToXsd\XmlToXsd.csproj", "{3D19A925-32C1-4F08-AF84-D58E5114D93D}"
EndProject
Global
	GlobalSection(SolutionConfigurationPlatforms) = preSolution
		Debug|Any CPU = Debug|Any CPU
		Release|Any CPU = Release|Any CPU
	EndGlobalSection
	GlobalSection(ProjectConfigurationPlatforms) = postSolution
		{3D19A925-32C1-4F08-AF84-D58E5114D93D}.Debug|Any CPU.ActiveCfg = Debug|Any CPU
		{3D19A925-32C1-4F08-AF84-D58E5114D93D}.Debug|Any CPU.Build.0 = Debug|Any CPU
		{3D19A925-32C1-4F08-AF84-D58E5114D93D}.Release|Any CPU.ActiveCfg = Release|Any CPU
		{3D19A925-32C1-4F08-AF84-D58E5114D93D}.Release|Any CPU.Build.0 = Release|Any CPU
	EndGlobalSection
	GlobalSection(SolutionProperties) = preSolution
		HideSolutionNode = FALSE
	EndGlobalSection
	GlobalSection(ExtensibilityGlobals) = postSolution
		SolutionGuid = {B5E7A4F9-DE3D-408E-8278-2BD38C77F022}
	EndGlobalSection
EndGlobal
